// !$*UTF8*$!
{
	archiveVersion = 1;
	classes = {
	};
	objectVersion = 50;
	objects = {

/* Begin PBXBuildFile section */
		CFCE5FDD231462E900A332F6 /* AppDelegate.swift in Sources */ = {isa = PBXBuildFile; fileRef = CFCE5FDC231462E900A332F6 /* AppDelegate.swift */; };
		CFCE5FDF231462E900A332F6 /* ViewController.swift in Sources */ = {isa = PBXBuildFile; fileRef = CFCE5FDE231462E900A332F6 /* ViewController.swift */; };
		CFCE5FE2231462E900A332F6 /* Main.storyboard in Resources */ = {isa = PBXBuildFile; fileRef = CFCE5FE0231462E900A332F6 /* Main.storyboard */; };
		CFCE5FE4231462EA00A332F6 /* Assets.xcassets in Resources */ = {isa = PBXBuildFile; fileRef = CFCE5FE3231462EA00A332F6 /* Assets.xcassets */; };
		CFCE5FE7231462EA00A332F6 /* LaunchScreen.storyboard in Resources */ = {isa = PBXBuildFile; fileRef = CFCE5FE5231462EA00A332F6 /* LaunchScreen.storyboard */; };
		CFCE5FF2231462EA00A332F6 /* WorldTrotterTests.swift in Sources */ = {isa = PBXBuildFile; fileRef = CFCE5FF1231462EA00A332F6 /* WorldTrotterTests.swift */; };
		CFCE5FFD231462EA00A332F6 /* WorldTrotterUITests.swift in Sources */ = {isa = PBXBuildFile; fileRef = CFCE5FFC231462EA00A332F6 /* WorldTrotterUITests.swift */; };
/* End PBXBuildFile section */

/* Begin PBXContainerItemProxy section */
		CFCE5FEE231462EA00A332F6 /* PBXContainerItemProxy */ = {
			isa = PBXContainerItemProxy;
			containerPortal = CFCE5FD1231462E900A332F6 /* Project object */;
			proxyType = 1;
			remoteGlobalIDString = CFCE5FD8231462E900A332F6;
			remoteInfo = WorldTrotter;
		};
		CFCE5FF9231462EA00A332F6 /* PBXContainerItemProxy */ = {
			isa = PBXContainerItemProxy;
			containerPortal = CFCE5FD1231462E900A332F6 /* Project object */;
			proxyType = 1;
			remoteGlobalIDString = CFCE5FD8231462E900A332F6;
			remoteInfo = WorldTrotter;
		};
/* End PBXContainerItemProxy section */

/* Begin PBXFileReference section */
		CFCE5FD9231462E900A332F6 /* WorldTrotter.app */ = {isa = PBXFileReference; explicitFileType = wrapper.application; includeInIndex = 0; path = WorldTrotter.app; sourceTree = BUILT_PRODUCTS_DIR; };
		CFCE5FDC231462E900A332F6 /* AppDelegate.swift */ = {isa = PBXFileReference; lastKnownFileType = sourcecode.swift; path = AppDelegate.swift; sourceTree = "<group>"; };
		CFCE5FDE231462E900A332F6 /* ViewController.swift */ = {isa = PBXFileReference; lastKnownFileType = sourcecode.swift; path = ViewController.swift; sourceTree = "<group>"; };
		CFCE5FE1231462E900A332F6 /* Base */ = {isa = PBXFileReference; lastKnownFileType = file.storyboard; name = Base; path = Base.lproj/Main.storyboard; sourceTree = "<group>"; };
		CFCE5FE3231462EA00A332F6 /* Assets.xcassets */ = {isa = PBXFileReference; lastKnownFileType = folder.assetcatalog; path = Assets.xcassets; sourceTree = "<group>"; };
		CFCE5FE6231462EA00A332F6 /* Base */ = {isa = PBXFileReference; lastKnownFileType = file.storyboard; name = Base; path = Base.lproj/LaunchScreen.storyboard; sourceTree = "<group>"; };
		CFCE5FE8231462EA00A332F6 /* Info.plist */ = {isa = PBXFileReference; lastKnownFileType = text.plist.xml; path = Info.plist; sourceTree = "<group>"; };
		CFCE5FED231462EA00A332F6 /* WorldTrotterTests.xctest */ = {isa = PBXFileReference; explicitFileType = wrapper.cfbundle; includeInIndex = 0; path = WorldTrotterTests.xctest; sourceTree = BUILT_PRODUCTS_DIR; };
		CFCE5FF1231462EA00A332F6 /* WorldTrotterTests.swift */ = {isa = PBXFileReference; lastKnownFileType = sourcecode.swift; path = WorldTrotterTests.swift; sourceTree = "<group>"; };
		CFCE5FF3231462EA00A332F6 /* Info.plist */ = {isa = PBXFileReference; lastKnownFileType = text.plist.xml; path = Info.plist; sourceTree = "<group>"; };
		CFCE5FF8231462EA00A332F6 /* WorldTrotterUITests.xctest */ = {isa = PBXFileReference; explicitFileType = wrapper.cfbundle; includeInIndex = 0; path = WorldTrotterUITests.xctest; sourceTree = BUILT_PRODUCTS_DIR; };
		CFCE5FFC231462EA00A332F6 /* WorldTrotterUITests.swift */ = {isa = PBXFileReference; lastKnownFileType = sourcecode.swift; path = WorldTrotterUITests.swift; sourceTree = "<group>"; };
		CFCE5FFE231462EA00A332F6 /* Info.plist */ = {isa = PBXFileReference; lastKnownFileType = text.plist.xml; path = Info.plist; sourceTree = "<group>"; };
/* End PBXFileReference section */

/* Begin PBXFrameworksBuildPhase section */
		CFCE5FD6231462E900A332F6 /* Frameworks */ = {
			isa = PBXFrameworksBuildPhase;
			buildActionMask = 2147483647;
			files = (
			);
			runOnlyForDeploymentPostprocessing = 0;
		};
		CFCE5FEA231462EA00A332F6 /* Frameworks */ = {
			isa = PBXFrameworksBuildPhase;
			buildActionMask = 2147483647;
			files = (
			);
			runOnlyForDeploymentPostprocessing = 0;
		};
		CFCE5FF5231462EA00A332F6 /* Frameworks */ = {
			isa = PBXFrameworksBuildPhase;
			buildActionMask = 2147483647;
			files = (
			);
			runOnlyForDeploymentPostprocessing = 0;
		};
/* End PBXFrameworksBuildPhase section */

/* Begin PBXGroup section */
		CFCE5FD0231462E900A332F6 = {
			isa = PBXGroup;
			children = (
				CFCE5FDB231462E900A332F6 /* WorldTrotter */,
				CFCE5FF0231462EA00A332F6 /* WorldTrotterTests */,
				CFCE5FFB231462EA00A332F6 /* WorldTrotterUITests */,
				CFCE5FDA231462E900A332F6 /* Products */,
			);
			sourceTree = "<group>";
		};
		CFCE5FDA231462E900A332F6 /* Products */ = {
			isa = PBXGroup;
			children = (
				CFCE5FD9231462E900A332F6 /* WorldTrotter.app */,
				CFCE5FED231462EA00A332F6 /* WorldTrotterTests.xctest */,
				CFCE5FF8231462EA00A332F6 /* WorldTrotterUITests.xctest */,
			);
			name = Products;
			sourceTree = "<group>";
		};
		CFCE5FDB231462E900A332F6 /* WorldTrotter */ = {
			isa = PBXGroup;
			children = (
				CFCE5FDC231462E900A332F6 /* AppDelegate.swift */,
				CFCE5FDE231462E900A332F6 /* ViewController.swift */,
				CFCE5FE0231462E900A332F6 /* Main.storyboard */,
				CFCE5FE3231462EA00A332F6 /* Assets.xcassets */,
				CFCE5FE5231462EA00A332F6 /* LaunchScreen.storyboard */,
				CFCE5FE8231462EA00A332F6 /* Info.plist */,
			);
			path = WorldTrotter;
			sourceTree = "<group>";
		};
		CFCE5FF0231462EA00A332F6 /* WorldTrotterTests */ = {
			isa = PBXGroup;
			children = (
				CFCE5FF1231462EA00A332F6 /* WorldTrotterTests.swift */,
				CFCE5FF3231462EA00A332F6 /* Info.plist */,
			);
			path = WorldTrotterTests;
			sourceTree = "<group>";
		};
		CFCE5FFB231462EA00A332F6 /* WorldTrotterUITests */ = {
			isa = PBXGroup;
			children = (
				CFCE5FFC231462EA00A332F6 /* WorldTrotterUITests.swift */,
				CFCE5FFE231462EA00A332F6 /* Info.plist */,
			);
			path = WorldTrotterUITests;
			sourceTree = "<group>";
		};
/* End PBXGroup section */

/* Begin PBXNativeTarget section */
		CFCE5FD8231462E900A332F6 /* WorldTrotter */ = {
			isa = PBXNativeTarget;
			buildConfigurationList = CFCE6001231462EA00A332F6 /* Build configuration list for PBXNativeTarget "WorldTrotter" */;
			buildPhases = (
				CFCE5FD5231462E900A332F6 /* Sources */,
				CFCE5FD6231462E900A332F6 /* Frameworks */,
				CFCE5FD7231462E900A332F6 /* Resources */,
			);
			buildRules = (
			);
			dependencies = (
			);
			name = WorldTrotter;
			productName = WorldTrotter;
			productReference = CFCE5FD9231462E900A332F6 /* WorldTrotter.app */;
			productType = "com.apple.product-type.application";
		};
		CFCE5FEC231462EA00A332F6 /* WorldTrotterTests */ = {
			isa = PBXNativeTarget;
			buildConfigurationList = CFCE6004231462EA00A332F6 /* Build configuration list for PBXNativeTarget "WorldTrotterTests" */;
			buildPhases = (
				CFCE5FE9231462EA00A332F6 /* Sources */,
				CFCE5FEA231462EA00A332F6 /* Frameworks */,
				CFCE5FEB231462EA00A332F6 /* Resources */,
			);
			buildRules = (
			);
			dependencies = (
				CFCE5FEF231462EA00A332F6 /* PBXTargetDependency */,
			);
			name = WorldTrotterTests;
			productName = WorldTrotterTests;
			productReference = CFCE5FED231462EA00A332F6 /* WorldTrotterTests.xctest */;
			productType = "com.apple.product-type.bundle.unit-test";
		};
		CFCE5FF7231462EA00A332F6 /* WorldTrotterUITests */ = {
			isa = PBXNativeTarget;
			buildConfigurationList = CFCE6007231462EA00A332F6 /* Build configuration list for PBXNativeTarget "WorldTrotterUITests" */;
			buildPhases = (
				CFCE5FF4231462EA00A332F6 /* Sources */,
				CFCE5FF5231462EA00A332F6 /* Frameworks */,
				CFCE5FF6231462EA00A332F6 /* Resources */,
			);
			buildRules = (
			);
			dependencies = (
				CFCE5FFA231462EA00A332F6 /* PBXTargetDependency */,
			);
			name = WorldTrotterUITests;
			productName = WorldTrotterUITests;
			productReference = CFCE5FF8231462EA00A332F6 /* WorldTrotterUITests.xctest */;
			productType = "com.apple.product-type.bundle.ui-testing";
		};
/* End PBXNativeTarget section */

/* Begin PBXProject section */
		CFCE5FD1231462E900A332F6 /* Project object */ = {
			isa = PBXProject;
			attributes = {
				LastSwiftUpdateCheck = 1030;
				LastUpgradeCheck = 1030;
				ORGANIZATIONNAME = "Chung, Crystal";
				TargetAttributes = {
					CFCE5FD8231462E900A332F6 = {
						CreatedOnToolsVersion = 10.3;
					};
					CFCE5FEC231462EA00A332F6 = {
						CreatedOnToolsVersion = 10.3;
						TestTargetID = CFCE5FD8231462E900A332F6;
					};
					CFCE5FF7231462EA00A332F6 = {
						CreatedOnToolsVersion = 10.3;
						TestTargetID = CFCE5FD8231462E900A332F6;
					};
				};
			};
			buildConfigurationList = CFCE5FD4231462E900A332F6 /* Build configuration list for PBXProject "WorldTrotter" */;
			compatibilityVersion = "Xcode 9.3";
			developmentRegion = en;
			hasScannedForEncodings = 0;
			knownRegions = (
				en,
				Base,
			);
			mainGroup = CFCE5FD0231462E900A332F6;
			productRefGroup = CFCE5FDA231462E900A332F6 /* Products */;
			projectDirPath = "";
			projectRoot = "";
			targets = (
				CFCE5FD8231462E900A332F6 /* WorldTrotter */,
				CFCE5FEC231462EA00A332F6 /* WorldTrotterTests */,
				CFCE5FF7231462EA00A332F6 /* WorldTrotterUITests */,
			);
		};
/* End PBXProject section */

/* Begin PBXResourcesBuildPhase section */
		CFCE5FD7231462E900A332F6 /* Resources */ = {
			isa = PBXResourcesBuildPhase;
			buildActionMask = 2147483647;
			files = (
				CFCE5FE7231462EA00A332F6 /* LaunchScreen.storyboard in Resources */,
				CFCE5FE4231462EA00A332F6 /* Assets.xcassets in Resources */,
				CFCE5FE2231462E900A332F6 /* Main.storyboard in Resources */,
			);
			runOnlyForDeploymentPostprocessing = 0;
		};
		CFCE5FEB231462EA00A332F6 /* Resources */ = {
			isa = PBXResourcesBuildPhase;
			buildActionMask = 2147483647;
			files = (
			);
			runOnlyForDeploymentPostprocessing = 0;
		};
		CFCE5FF6231462EA00A332F6 /* Resources */ = {
			isa = PBXResourcesBuildPhase;
			buildActionMask = 2147483647;
			files = (
			);
			runOnlyForDeploymentPostprocessing = 0;
		};
/* End PBXResourcesBuildPhase section */

/* Begin PBXSourcesBuildPhase section */
		CFCE5FD5231462E900A332F6 /* Sources */ = {
			isa = PBXSourcesBuildPhase;
			buildActionMask = 2147483647;
			files = (
				CFCE5FDF231462E900A332F6 /* ViewController.swift in Sources */,
				CFCE5FDD231462E900A332F6 /* AppDelegate.swift in Sources */,
			);
			runOnlyForDeploymentPostprocessing = 0;
		};
		CFCE5FE9231462EA00A332F6 /* Sources */ = {
			isa = PBXSourcesBuildPhase;
			buildActionMask = 2147483647;
			files = (
				CFCE5FF2231462EA00A332F6 /* WorldTrotterTests.swift in Sources */,
			);
			runOnlyForDeploymentPostprocessing = 0;
		};
		CFCE5FF4231462EA00A332F6 /* Sources */ = {
			isa = PBXSourcesBuildPhase;
			buildActionMask = 2147483647;
			files = (
				CFCE5FFD231462EA00A332F6 /* WorldTrotterUITests.swift in Sources */,
			);
			runOnlyForDeploymentPostprocessing = 0;
		};
/* End PBXSourcesBuildPhase section */

/* Begin PBXTargetDependency section */
		CFCE5FEF231462EA00A332F6 /* PBXTargetDependency */ = {
			isa = PBXTargetDependency;
			target = CFCE5FD8231462E900A332F6 /* WorldTrotter */;
			targetProxy = CFCE5FEE231462EA00A332F6 /* PBXContainerItemProxy */;
		};
		CFCE5FFA231462EA00A332F6 /* PBXTargetDependency */ = {
			isa = PBXTargetDependency;
			target = CFCE5FD8231462E900A332F6 /* WorldTrotter */;
			targetProxy = CFCE5FF9231462EA00A332F6 /* PBXContainerItemProxy */;
		};
/* End PBXTargetDependency section */

/* Begin PBXVariantGroup section */
		CFCE5FE0231462E900A332F6 /* Main.storyboard */ = {
			isa = PBXVariantGroup;
			children = (
				CFCE5FE1231462E900A332F6 /* Base */,
			);
			name = Main.storyboard;
			sourceTree = "<group>";
		};
		CFCE5FE5231462EA00A332F6 /* LaunchScreen.storyboard */ = {
			isa = PBXVariantGroup;
			children = (
				CFCE5FE6231462EA00A332F6 /* Base */,
			);
			name = LaunchScreen.storyboard;
			sourceTree = "<group>";
		};
/* End PBXVariantGroup section */

/* Begin XCBuildConfiguration section */
		CFCE5FFF231462EA00A332F6 /* Debug */ = {
			isa = XCBuildConfiguration;
			buildSettings = {
				ALWAYS_SEARCH_USER_PATHS = NO;
				CLANG_ANALYZER_NONNULL = YES;
				CLANG_ANALYZER_NUMBER_OBJECT_CONVERSION = YES_AGGRESSIVE;
				CLANG_CXX_LANGUAGE_STANDARD = "gnu++14";
				CLANG_CXX_LIBRARY = "libc++";
				CLANG_ENABLE_MODULES = YES;
				CLANG_ENABLE_OBJC_ARC = YES;
				CLANG_ENABLE_OBJC_WEAK = YES;
				CLANG_WARN_BLOCK_CAPTURE_AUTORELEASING = YES;
				CLANG_WARN_BOOL_CONVERSION = YES;
				CLANG_WARN_COMMA = YES;
				CLANG_WARN_CONSTANT_CONVERSION = YES;
				CLANG_WARN_DEPRECATED_OBJC_IMPLEMENTATIONS = YES;
				CLANG_WARN_DIRECT_OBJC_ISA_USAGE = YES_ERROR;
				CLANG_WARN_DOCUMENTATION_COMMENTS = YES;
				CLANG_WARN_EMPTY_BODY = YES;
				CLANG_WARN_ENUM_CONVERSION = YES;
				CLANG_WARN_INFINITE_RECURSION = YES;
				CLANG_WARN_INT_CONVERSION = YES;
				CLANG_WARN_NON_LITERAL_NULL_CONVERSION = YES;
				CLANG_WARN_OBJC_IMPLICIT_RETAIN_SELF = YES;
				CLANG_WARN_OBJC_LITERAL_CONVERSION = YES;
				CLANG_WARN_OBJC_ROOT_CLASS = YES_ERROR;
				CLANG_WARN_RANGE_LOOP_ANALYSIS = YES;
				CLANG_WARN_STRICT_PROTOTYPES = YES;
				CLANG_WARN_SUSPICIOUS_MOVE = YES;
				CLANG_WARN_UNGUARDED_AVAILABILITY = YES_AGGRESSIVE;
				CLANG_WARN_UNREACHABLE_CODE = YES;
				CLANG_WARN__DUPLICATE_METHOD_MATCH = YES;
				CODE_SIGN_IDENTITY = "iPhone Developer";
				COPY_PHASE_STRIP = NO;
				DEBUG_INFORMATION_FORMAT = dwarf;
				ENABLE_STRICT_OBJC_MSGSEND = YES;
				ENABLE_TESTABILITY = YES;
				GCC_C_LANGUAGE_STANDARD = gnu11;
				GCC_DYNAMIC_NO_PIC = NO;
				GCC_NO_COMMON_BLOCKS = YES;
				GCC_OPTIMIZATION_LEVEL = 0;
				GCC_PREPROCESSOR_DEFINITIONS = (
					"DEBUG=1",
					"$(inherited)",
				);
				GCC_WARN_64_TO_32_BIT_CONVERSION = YES;
				GCC_WARN_ABOUT_RETURN_TYPE = YES_ERROR;
				GCC_WARN_UNDECLARED_SELECTOR = YES;
				GCC_WARN_UNINITIALIZED_AUTOS = YES_AGGRESSIVE;
				GCC_WARN_UNUSED_FUNCTION = YES;
				GCC_WARN_UNUSED_VARIABLE = YES;
				IPHONEOS_DEPLOYMENT_TARGET = 12.4;
				MTL_ENABLE_DEBUG_INFO = INCLUDE_SOURCE;
				MTL_FAST_MATH = YES;
				ONLY_ACTIVE_ARCH = YES;
				SDKROOT = iphoneos;
				SWIFT_ACTIVE_COMPILATION_CONDITIONS = DEBUG;
				SWIFT_OPTIMIZATION_LEVEL = "-Onone";
			};
			name = Debug;
		};
		CFCE6000231462EA00A332F6 /* Release */ = {
			isa = XCBuildConfiguration;
			buildSettings = {
				ALWAYS_SEARCH_USER_PATHS = NO;
				CLANG_ANALYZER_NONNULL = YES;
				CLANG_ANALYZER_NUMBER_OBJECT_CONVERSION = YES_AGGRESSIVE;
				CLANG_CXX_LANGUAGE_STANDARD = "gnu++14";
				CLANG_CXX_LIBRARY = "libc++";
				CLANG_ENABLE_MODULES = YES;
				CLANG_ENABLE_OBJC_ARC = YES;
				CLANG_ENABLE_OBJC_WEAK = YES;
				CLANG_WARN_BLOCK_CAPTURE_AUTORELEASING = YES;
				CLANG_WARN_BOOL_CONVERSION = YES;
				CLANG_WARN_COMMA = YES;
				CLANG_WARN_CONSTANT_CONVERSION = YES;
				CLANG_WARN_DEPRECATED_OBJC_IMPLEMENTATIONS = YES;
				CLANG_WARN_DIRECT_OBJC_ISA_USAGE = YES_ERROR;
				CLANG_WARN_DOCUMENTATION_COMMENTS = YES;
				CLANG_WARN_EMPTY_BODY = YES;
				CLANG_WARN_ENUM_CONVERSION = YES;
				CLANG_WARN_INFINITE_RECURSION = YES;
				CLANG_WARN_INT_CONVERSION = YES;
				CLANG_WARN_NON_LITERAL_NULL_CONVERSION = YES;
				CLANG_WARN_OBJC_IMPLICIT_RETAIN_SELF = YES;
				CLANG_WARN_OBJC_LITERAL_CONVERSION = YES;
				CLANG_WARN_OBJC_ROOT_CLASS = YES_ERROR;
				CLANG_WARN_RANGE_LOOP_ANALYSIS = YES;
				CLANG_WARN_STRICT_PROTOTYPES = YES;
				CLANG_WARN_SUSPICIOUS_MOVE = YES;
				CLANG_WARN_UNGUARDED_AVAILABILITY = YES_AGGRESSIVE;
				CLANG_WARN_UNREACHABLE_CODE = YES;
				CLANG_WARN__DUPLICATE_METHOD_MATCH = YES;
				CODE_SIGN_IDENTITY = "iPhone Developer";
				COPY_PHASE_STRIP = NO;
				DEBUG_INFORMATION_FORMAT = "dwarf-with-dsym";
				ENABLE_NS_ASSERTIONS = NO;
				ENABLE_STRICT_OBJC_MSGSEND = YES;
				GCC_C_LANGUAGE_STANDARD = gnu11;
				GCC_NO_COMMON_BLOCKS = YES;
				GCC_WARN_64_TO_32_BIT_CONVERSION = YES;
				GCC_WARN_ABOUT_RETURN_TYPE = YES_ERROR;
				GCC_WARN_UNDECLARED_SELECTOR = YES;
				GCC_WARN_UNINITIALIZED_AUTOS = YES_AGGRESSIVE;
				GCC_WARN_UNUSED_FUNCTION = YES;
				GCC_WARN_UNUSED_VARIABLE = YES;
				IPHONEOS_DEPLOYMENT_TARGET = 12.4;
				MTL_ENABLE_DEBUG_INFO = NO;
				MTL_FAST_MATH = YES;
				SDKROOT = iphoneos;
				SWIFT_COMPILATION_MODE = wholemodule;
				SWIFT_OPTIMIZATION_LEVEL = "-O";
				VALIDATE_PRODUCT = YES;
			};
			name = Release;
		};
		CFCE6002231462EA00A332F6 /* Debug */ = {
			isa = XCBuildConfiguration;
			buildSettings = {
				ASSETCATALOG_COMPILER_APPICON_NAME = AppIcon;
				CODE_SIGN_STYLE = Automatic;
				INFOPLIST_FILE = WorldTrotter/Info.plist;
				LD_RUNPATH_SEARCH_PATHS = (
					"$(inherited)",
					"@executable_path/Frameworks",
				);
				PRODUCT_BUNDLE_IDENTIFIER = com.example.WorldTrotter;
				PRODUCT_NAME = "$(TARGET_NAME)";
				SWIFT_VERSION = 5.0;
				TARGETED_DEVICE_FAMILY = "1,2";
			};
			name = Debug;
		};
		CFCE6003231462EA00A332F6 /* Release */ = {
			isa = XCBuildConfiguration;
			buildSettings = {
				ASSETCATALOG_COMPILER_APPICON_NAME = AppIcon;
				CODE_SIGN_STYLE = Automatic;
				INFOPLIST_FILE = WorldTrotter/Info.plist;
				LD_RUNPATH_SEARCH_PATHS = (
					"$(inherited)",
					"@executable_path/Frameworks",
				);
				PRODUCT_BUNDLE_IDENTIFIER = com.example.WorldTrotter;
				PRODUCT_NAME = "$(TARGET_NAME)";
				SWIFT_VERSION = 5.0;
				TARGETED_DEVICE_FAMILY = "1,2";
			};
			name = Release;
		};
		CFCE6005231462EA00A332F6 /* Debug */ = {
			isa = XCBuildConfiguration;
			buildSettings = {
				ALWAYS_EMBED_SWIFT_STANDARD_LIBRARIES = YES;
				BUNDLE_LOADER = "$(TEST_HOST)";
				CODE_SIGN_STYLE = Automatic;
				INFOPLIST_FILE = WorldTrotterTests/Info.plist;
				LD_RUNPATH_SEARCH_PATHS = (
					"$(inherited)",
					"@executable_path/Frameworks",
					"@loader_path/Frameworks",
				);
				PRODUCT_BUNDLE_IDENTIFIER = com.example.WorldTrotterTests;
				PRODUCT_NAME = "$(TARGET_NAME)";
				SWIFT_VERSION = 5.0;
				TARGETED_DEVICE_FAMILY = "1,2";
				TEST_HOST = "$(BUILT_PRODUCTS_DIR)/WorldTrotter.app/WorldTrotter";
			};
			name = Debug;
		};
		CFCE6006231462EA00A332F6 /* Release */ = {
			isa = XCBuildConfiguration;
			buildSettings = {
				ALWAYS_EMBED_SWIFT_STANDARD_LIBRARIES = YES;
				BUNDLE_LOADER = "$(TEST_HOST)";
				CODE_SIGN_STYLE = Automatic;
				INFOPLIST_FILE = WorldTrotterTests/Info.plist;
				LD_RUNPATH_SEARCH_PATHS = (
					"$(inherited)",
					"@executable_path/Frameworks",
					"@loader_path/Frameworks",
				);
				PRODUCT_BUNDLE_IDENTIFIER = com.example.WorldTrotterTests;
				PRODUCT_NAME = "$(TARGET_NAME)";
				SWIFT_VERSION = 5.0;
				TARGETED_DEVICE_FAMILY = "1,2";
				TEST_HOST = "$(BUILT_PRODUCTS_DIR)/WorldTrotter.app/WorldTrotter";
			};
			name = Release;
		};
		CFCE6008231462EA00A332F6 /* Debug */ = {
			isa = XCBuildConfiguration;
			buildSettings = {
				ALWAYS_EMBED_SWIFT_STANDARD_LIBRARIES = YES;
				CODE_SIGN_STYLE = Automatic;
				INFOPLIST_FILE = WorldTrotterUITests/Info.plist;
				LD_RUNPATH_SEARCH_PATHS = (
					"$(inherited)",
					"@executable_path/Frameworks",
					"@loader_path/Frameworks",
				);
				PRODUCT_BUNDLE_IDENTIFIER = com.example.WorldTrotterUITests;
				PRODUCT_NAME = "$(TARGET_NAME)";
				SWIFT_VERSION = 5.0;
				TARGETED_DEVICE_FAMILY = "1,2";
				TEST_TARGET_NAME = WorldTrotter;
			};
			name = Debug;
		};
		CFCE6009231462EA00A332F6 /* Release */ = {
			isa = XCBuildConfiguration;
			buildSettings = {
				ALWAYS_EMBED_SWIFT_STANDARD_LIBRARIES = YES;
				CODE_SIGN_STYLE = Automatic;
				INFOPLIST_FILE = WorldTrotterUITests/Info.plist;
				LD_RUNPATH_SEARCH_PATHS = (
					"$(inherited)",
					"@executable_path/Frameworks",
					"@loader_path/Frameworks",
				);
				PRODUCT_BUNDLE_IDENTIFIER = com.example.WorldTrotterUITests;
				PRODUCT_NAME = "$(TARGET_NAME)";
				SWIFT_VERSION = 5.0;
				TARGETED_DEVICE_FAMILY = "1,2";
				TEST_TARGET_NAME = WorldTrotter;
			};
			name = Release;
		};
/* End XCBuildConfiguration section */

/* Begin XCConfigurationList section */
		CFCE5FD4231462E900A332F6 /* Build configuration list for PBXProject "WorldTrotter" */ = {
			isa = XCConfigurationList;
			buildConfigurations = (
				CFCE5FFF231462EA00A332F6 /* Debug */,
				CFCE6000231462EA00A332F6 /* Release */,
			);
			defaultConfigurationIsVisible = 0;
			defaultConfigurationName = Release;
		};
		CFCE6001231462EA00A332F6 /* Build configuration list for PBXNativeTarget "WorldTrotter" */ = {
			isa = XCConfigurationList;
			buildConfigurations = (
				CFCE6002231462EA00A332F6 /* Debug */,
				CFCE6003231462EA00A332F6 /* Release */,
			);
			defaultConfigurationIsVisible = 0;
			defaultConfigurationName = Release;
		};
		CFCE6004231462EA00A332F6 /* Build configuration list for PBXNativeTarget "WorldTrotterTests" */ = {
			isa = XCConfigurationList;
			buildConfigurations = (
				CFCE6005231462EA00A332F6 /* Debug */,
				CFCE6006231462EA00A332F6 /* Release */,
			);
			defaultConfigurationIsVisible = 0;
			defaultConfigurationName = Release;
		};
		CFCE6007231462EA00A332F6 /* Build configuration list for PBXNativeTarget "WorldTrotterUITests" */ = {
			isa = XCConfigurationList;
			buildConfigurations = (
				CFCE6008231462EA00A332F6 /* Debug */,
				CFCE6009231462EA00A332F6 /* Release */,
			);
			defaultConfigurationIsVisible = 0;
			defaultConfigurationName = Release;
		};
/* End XCConfigurationList section */
	};
	rootObject = CFCE5FD1231462E900A332F6 /* Project object */;
}
